// !$*UTF8*$!
{ archiveVersion = 1; classes = {}; objectVersion = 56; objects = {
		C0DE77000000000000000014 = { isa = PBXFileReference; lastKnownFileType = sourcecode.swift; path = PlaygroundApp.swift; sourceTree = "<group>"; };
		C0DE7700000000000000001E = { isa = PBXBuildFile; fileRef = C0DE77000000000000000014; };
		C0DE77000000000000000001 = { isa = PBXProject; attributes = { LastUpgradeCheck = 2660; };
 buildConfigurationList = C0DE7700000000000000000A; compatibilityVersion = "Xcode 14.0"; developmentRegion = en;
 knownRegions = (en, Base); mainGroup = C0DE77000000000000000002; productRefGroup = C0DE77000000000000000003;
 packageReferences = (C0DE77000000000000000032); projectDirPath = ""; projectRoot = ""; targets = (C0DE77000000000000000005); };
		C0DE77000000000000000002 = { isa = PBXGroup; children = (C0DE77000000000000000004, C0DE77000000000000000003); sourceTree = "<group>"; };
		C0DE77000000000000000003 = { isa = PBXGroup; name = Products; children = (C0DE77000000000000000006); sourceTree = "<group>"; };
		C0DE77000000000000000004 = { isa = PBXGroup; path = App; children = (C0DE77000000000000000014); sourceTree = "<group>"; };
		C0DE77000000000000000005 = { isa = PBXNativeTarget; buildConfigurationList = C0DE7700000000000000000B;
 buildPhases = (C0DE77000000000000000007, C0DE77000000000000000008, C0DE77000000000000000009, C0DE7700000000000000000C);
 buildRules = (); dependencies = (); name = Playground;
 packageProductDependencies = (C0DE77000000000000000033); productName = Playground;
 productReference = C0DE77000000000000000006; productType = "com.apple.product-type.application"; };
		C0DE77000000000000000006 = { isa = PBXFileReference; explicitFileType = wrapper.application; path = Playground.app; sourceTree = BUILT_PRODUCTS_DIR; };
		C0DE77000000000000000007 = { isa = PBXSourcesBuildPhase; buildActionMask = 2147483647; files = (C0DE7700000000000000001E); runOnlyForDeploymentPostprocessing = 0; };
		C0DE77000000000000000008 = { isa = PBXFrameworksBuildPhase; buildActionMask = 2147483647; files = (C0DE77000000000000000034); runOnlyForDeploymentPostprocessing = 0; };
		C0DE77000000000000000009 = { isa = PBXResourcesBuildPhase; buildActionMask = 2147483647; files = (); runOnlyForDeploymentPostprocessing = 0; };
		C0DE7700000000000000000C = { isa = PBXShellScriptBuildPhase; name = "Copy private test profiles"; alwaysOutOfDate = 1; buildActionMask = 2147483647; files = (); inputPaths = (); outputPaths = (); runOnlyForDeploymentPostprocessing = 0; shellPath = /bin/sh; shellScript = "set -eu\nprofile=\"$SRCROOT/Profiles.local.json\"\nif [ ! -f \"$profile\" ]; then profile=\"$SRCROOT/Profiles.example.json\"; fi\n/usr/bin/python3 -c 'import json,sys; json.load(open(sys.argv[1]))' \"$profile\"\nmkdir -p \"$TARGET_BUILD_DIR/$UNLOCALIZED_RESOURCES_FOLDER_PATH\"\ncp \"$profile\" \"$TARGET_BUILD_DIR/$UNLOCALIZED_RESOURCES_FOLDER_PATH/Profiles.json\"\n"; };
		C0DE77000000000000000032 = { isa = XCLocalSwiftPackageReference; relativePath = .; };
		C0DE77000000000000000033 = { isa = XCSwiftPackageProductDependency; package = C0DE77000000000000000032; productName = HyperProxyPlayground; };
		C0DE77000000000000000034 = { isa = PBXBuildFile; productRef = C0DE77000000000000000033; };
		C0DE7700000000000000000A = { isa = XCConfigurationList; buildConfigurations = (C0DE7700000000000000003C, C0DE7700000000000000003D); defaultConfigurationIsVisible = 0; defaultConfigurationName = Debug; };
		C0DE7700000000000000000B = { isa = XCConfigurationList; buildConfigurations = (C0DE7700000000000000003E, C0DE7700000000000000003F); defaultConfigurationIsVisible = 0; defaultConfigurationName = Debug; };
		C0DE7700000000000000003C = { isa = XCBuildConfiguration; name = Debug; buildSettings = { SDKROOT = iphoneos; CLANG_ENABLE_MODULES = YES; }; };
		C0DE7700000000000000003E = { isa = XCBuildConfiguration; name = Debug; buildSettings = { PRODUCT_NAME = "$(TARGET_NAME)"; PRODUCT_BUNDLE_IDENTIFIER = com.hyperproxy.Playground;
 GENERATE_INFOPLIST_FILE = YES; INFOPLIST_KEY_CFBundleDisplayName = "SDK Playground";
 INFOPLIST_KEY_UILaunchScreen_Generation = YES; INFOPLIST_KEY_UIApplicationSceneManifest_Generation = YES;
 IPHONEOS_DEPLOYMENT_TARGET = 17.0; TARGETED_DEVICE_FAMILY = "1,2"; SWIFT_VERSION = 6.0;
 CODE_SIGN_STYLE = Automatic; ENABLE_USER_SCRIPT_SANDBOXING = NO; CURRENT_PROJECT_VERSION = 1;
 MARKETING_VERSION = 1.0; SWIFT_EMIT_LOC_STRINGS = NO; SUPPORTED_PLATFORMS = "iphoneos iphonesimulator";
 SUPPORTS_MACCATALYST = NO; LD_RUNPATH_SEARCH_PATHS = ("$(inherited)", "@executable_path/Frameworks"); SWIFT_OPTIMIZATION_LEVEL = "-Onone"; SWIFT_ACTIVE_COMPILATION_CONDITIONS = DEBUG; }; };
		C0DE7700000000000000003D = { isa = XCBuildConfiguration; name = Release; buildSettings = { SDKROOT = iphoneos; CLANG_ENABLE_MODULES = YES; }; };
		C0DE7700000000000000003F = { isa = XCBuildConfiguration; name = Release; buildSettings = { PRODUCT_NAME = "$(TARGET_NAME)"; PRODUCT_BUNDLE_IDENTIFIER = com.hyperproxy.Playground;
 GENERATE_INFOPLIST_FILE = YES; INFOPLIST_KEY_CFBundleDisplayName = "SDK Playground";
 INFOPLIST_KEY_UILaunchScreen_Generation = YES; INFOPLIST_KEY_UIApplicationSceneManifest_Generation = YES;
 IPHONEOS_DEPLOYMENT_TARGET = 17.0; TARGETED_DEVICE_FAMILY = "1,2"; SWIFT_VERSION = 6.0;
 CODE_SIGN_STYLE = Automatic; ENABLE_USER_SCRIPT_SANDBOXING = NO; CURRENT_PROJECT_VERSION = 1;
 MARKETING_VERSION = 1.0; SWIFT_EMIT_LOC_STRINGS = NO; SUPPORTED_PLATFORMS = "iphoneos iphonesimulator";
 SUPPORTS_MACCATALYST = NO; LD_RUNPATH_SEARCH_PATHS = ("$(inherited)", "@executable_path/Frameworks"); }; };
}; rootObject = C0DE77000000000000000001; }
